
Microsoft Visual Studio Solution File, Format Version 12.00
# Visual Studio Version 16
VisualStudioVersion = 16.0.30114.105
MinimumVisualStudioVersion = 10.0.40219.1
Project("{9A19103F-16F7-4668-BE54-9A1E7A4F7556}") = "SgmlReader", "SgmlReaderDll\SgmlReader.csproj", "{BFFC450B-8425-4940-85EE-F9D3541FCAF0}"
EndProject
Project("{9A19103F-16F7-4668-BE54-9A1E7A4F7556}") = "SgmlTests", "SgmlTests\SgmlTests.csproj", "{C6AA0ED6-1BF8-465C-80E2-5CDEFFBAF13C}"
EndProject
Project("{9A19103F-16F7-4668-BE54-9A1E7A4F7556}") = "SgmlReader.Exe", "SgmlReader\SgmlReader.Exe.csproj", "{0B4FCAF6-5A82-4E24-A1E8-912C68239871}"
EndProject
Project("{FAE04EC0-301F-11D3-BF4B-00C04F79EFBC}") = "SgmlReaderUniversal", "SgmlReaderUniversal\SgmlReaderUniversal.csproj", "{5BBCC991-4635-49F0-8F98-08983AEB8E8D}"
EndProject
Project("{2150E333-8FDC-42A3-9474-1A3956D46DE8}") = "Solution Items", "Solution Items", "{A55E734A-D5D5-4491-83C0-DDC477E094D0}"
	ProjectSection(SolutionItems) = preProject
		.editorconfig = .editorconfig
		.gitattributes = .gitattributes
		.gitignore = .gitignore
		BUILD.cmd = BUILD.cmd
		.github\workflows\dotnet-core-build.yml = .github\workflows\dotnet-core-build.yml
		license.txt = license.txt
		NuGet.config = NuGet.config
		readme.md = readme.md
		Common\version.props = Common\version.props
	EndProjectSection
EndProject
Global
	GlobalSection(SolutionConfigurationPlatforms) = preSolution
		Debug|Any CPU = Debug|Any CPU
		Release|Any CPU = Release|Any CPU
	EndGlobalSection
	GlobalSection(ProjectConfigurationPlatforms) = postSolution
		{BFFC450B-8425-4940-85EE-F9D3541FCAF0}.Debug|Any CPU.ActiveCfg = Debug|Any CPU
		{BFFC450B-8425-4940-85EE-F9D3541FCAF0}.Debug|Any CPU.Build.0 = Debug|Any CPU
		{BFFC450B-8425-4940-85EE-F9D3541FCAF0}.Release|Any CPU.ActiveCfg = Release|Any CPU
		{BFFC450B-8425-4940-85EE-F9D3541FCAF0}.Release|Any CPU.Build.0 = Release|Any CPU
		{C6AA0ED6-1BF8-465C-80E2-5CDEFFBAF13C}.Debug|Any CPU.ActiveCfg = Debug|Any CPU
		{C6AA0ED6-1BF8-465C-80E2-5CDEFFBAF13C}.Debug|Any CPU.Build.0 = Debug|Any CPU
		{C6AA0ED6-1BF8-465C-80E2-5CDEFFBAF13C}.Release|Any CPU.ActiveCfg = Release|Any CPU
		{C6AA0ED6-1BF8-465C-80E2-5CDEFFBAF13C}.Release|Any CPU.Build.0 = Release|Any CPU
		{0B4FCAF6-5A82-4E24-A1E8-912C68239871}.Debug|Any CPU.ActiveCfg = Debug|Any CPU
		{0B4FCAF6-5A82-4E24-A1E8-912C68239871}.Debug|Any CPU.Build.0 = Debug|Any CPU
		{0B4FCAF6-5A82-4E24-A1E8-912C68239871}.Release|Any CPU.ActiveCfg = Release|Any CPU
		{0B4FCAF6-5A82-4E24-A1E8-912C68239871}.Release|Any CPU.Build.0 = Release|Any CPU
		{5BBCC991-4635-49F0-8F98-08983AEB8E8D}.Debug|Any CPU.ActiveCfg = Debug|Any CPU
		{5BBCC991-4635-49F0-8F98-08983AEB8E8D}.Release|Any CPU.ActiveCfg = Release|Any CPU
	EndGlobalSection
	GlobalSection(SolutionProperties) = preSolution
		HideSolutionNode = FALSE
	EndGlobalSection
	GlobalSection(ExtensibilityGlobals) = postSolution
		SolutionGuid = {91897275-9EAC-4429-BAC4-20C2410548D5}
	EndGlobalSection
EndGlobal
